
Microsoft Visual Studio Solution File, Format Version 11.00
# Visual Studio 2010
Project("{FAE04EC0-301F-11D3-BF4B-00C04F79EFBC}") = "heritage", "heritage\heritage.csproj", "{644C4A7E-5E0E-4ABC-85A5-D5DB5ADFCFD2}"
EndProject
Global
	GlobalSection(SolutionConfigurationPlatforms) = preSolution
		Debug|x86 = Debug|x86
		Release|x86 = Release|x86
	EndGlobalSection
	GlobalSection(ProjectConfigurationPlatforms) = postSolution
		{644C4A7E-5E0E-4ABC-85A5-D5DB5ADFCFD2}.Debug|x86.ActiveCfg = Debug|x86
		{644C4A7E-5E0E-4ABC-85A5-D5DB5ADFCFD2}.Debug|x86.Build.0 = Debug|x86
		{644C4A7E-5E0E-4ABC-85A5-D5DB5ADFCFD2}.Release|x86.ActiveCfg = Release|x86
		{644C4A7E-5E0E-4ABC-85A5-D5DB5ADFCFD2}.Release|x86.Build.0 = Release|x86
	EndGlobalSection
	GlobalSection(SolutionProperties) = preSolution
		HideSolutionNode = FALSE
	EndGlobalSection
EndGlobal
